PODS:
  - Alamofire (4.0.1)
  - BackboneSwift (1.0.0):
    - Alamofire
    - PromiseKit/CorePromise
    - SwiftyJSON
  - PromiseKit/CorePromise (4.0.4)
  - SwiftyJSON (3.1.1)

DEPENDENCIES:
  - BackboneSwift (from `/Users/canon/Projects/tempBackboneSwift/BackboneSwift`)

EXTERNAL SOURCES:
  BackboneSwift:
    :path: "/Users/canon/Projects/tempBackboneSwift/BackboneSwift"

SPEC CHECKSUMS:
  Alamofire: 7682d43245de14874acd142ec137b144aa1dd335
  BackboneSwift: 467d0ad0002a33f95246a39d8cf9dbcb36df7a2d
  PromiseKit: 8e8ee39d33ff199d92a1a883b5396f6285be6c91
  SwiftyJSON: f0be2e604f83e8405a624e9f891898bf6ed4e019

PODFILE CHECKSUM: d0a00c86ca2d7f6fc61461f6c5ad24208e2724db

COCOAPODS: 1.0.1
