PODS:
  - Alamofire (4.3.0)
  - PromiseKit/CorePromise (4.1.4)
  - SwiftyJSON (3.1.4)

DEPENDENCIES:
  - Alamofire (~> 4.0)
  - PromiseKit/CorePromise
  - SwiftyJSON

SPEC CHECKSUMS:
  Alamofire: 856a113053a7bc9cbe5d6367a555d773fc5cfef7
  PromiseKit: e69aead34c817988ea688b1085aee21300d6dcb8
  SwiftyJSON: c2842d878f95482ffceec5709abc3d05680c0220

PODFILE CHECKSUM: 54cbbb8076fea797285407d5eeca3dfe99aa8cc6

COCOAPODS: 1.1.1
